
Microsoft Visual Studio Solution File, Format Version 12.00
# Visual Studio Version 16
VisualStudioVersion = 16.0.31613.86
MinimumVisualStudioVersion = 10.0.40219.1
Project("{FAE04EC0-301F-11D3-BF4B-00C04F79EFBC}") = "PizzaPlace.WPF", "PizzaPlace.WPF\PizzaPlace.WPF.csproj", "{2E736835-051D-4EC8-AB4A-E175C65835F2}"
EndProject
Global
	GlobalSection(SolutionConfigurationPlatforms) = preSolution
		Debug|Any CPU = Debug|Any CPU
		Release|Any CPU = Release|Any CPU
	EndGlobalSection
	GlobalSection(ProjectConfigurationPlatforms) = postSolution
		{2E736835-051D-4EC8-AB4A-E175C65835F2}.Debug|Any CPU.ActiveCfg = Debug|Any CPU
		{2E736835-051D-4EC8-AB4A-E175C65835F2}.Debug|Any CPU.Build.0 = Debug|Any CPU
		{2E736835-051D-4EC8-AB4A-E175C65835F2}.Release|Any CPU.ActiveCfg = Release|Any CPU
		{2E736835-051D-4EC8-AB4A-E175C65835F2}.Release|Any CPU.Build.0 = Release|Any CPU
	EndGlobalSection
	GlobalSection(SolutionProperties) = preSolution
		HideSolutionNode = FALSE
	EndGlobalSection
	GlobalSection(ExtensibilityGlobals) = postSolution
		SolutionGuid = {03DA2F1F-3120-4409-BBF0-59D1E475EE28}
	EndGlobalSection
EndGlobal
